{
  "name": "001",
  "lockfileVersion": 3,
  "requires": true,
  "packages": {
    "": {
      "dependencies": {
        "@butility/dom": "^1.0.1",
        "@butility/media": "^1.0.2",
        "@butility/style": "^1.0.4"
      }
    },
    "node_modules/@butility/dom": {
      "version": "1.0.1",
      "resolved": "https://registry.npmjs.org/@butility/dom/-/dom-1.0.1.tgz",
      "integrity": "sha512-teeGNuT51l+ibRMuAon2ar/pOMkeC4fWK6pRP9dSsj03AdyWSbWHA2CPoAlhIM8NwbStCZXsdH5plCGjbKrqEg=="
    },
    "node_modules/@butility/media": {
      "version": "1.0.2",
      "resolved": "https://registry.npmjs.org/@butility/media/-/media-1.0.2.tgz",
      "integrity": "sha512-bx+cYJTHiPZKOkT+maDYN7xwCb8s/ONmvkP6FUdUXfBI9epsrOA7vGEXUmwNsOdIKw6MXXZOaZMSjIZVJ/xqvg==",
      "dependencies": {
        "@butility/dom": "^1.0.0",
        "@butility/network": "^1.0.0"
      }
    },
    "node_modules/@butility/network": {
      "version": "1.0.3",
      "resolved": "https://registry.npmjs.org/@butility/network/-/network-1.0.3.tgz",
      "integrity": "sha512-xL+Iuzb0dzQuj/hwAy0pjZslLxtYqCe6reV4vB/ie/NuzYhHfp2YlZYVH5a8+2TxRy0jJvFcoTb4K08LhA0cew=="
    },
    "node_modules/@butility/style": {
      "version": "1.0.4",
      "resolved": "https://registry.npmjs.org/@butility/style/-/style-1.0.4.tgz",
      "integrity": "sha512-edllZsPj2oTERsYWxwFZNPlSnFB82t6TC+Ayj5X+jeQYLYKFVztUos3z4KqMaPGt1yscV8dknLawgC3QyQfb2Q==",
      "dependencies": {
        "@butility/dom": "^1.0.0",
        "@butility/network": "^1.0.0"
      }
    }
  }
}
